
Microsoft Visual Studio Solution File, Format Version 12.00
# Visual Studio Version 17
VisualStudioVersion = 17.8.34316.72
MinimumVisualStudioVersion = 10.0.40219.1
Project("{9A19103F-16F7-4668-BE54-9A1E7A4F7556}") = "Infrastructure", "UserManager.Infrastructure\Infrastructure.csproj", "{4D7FD4FF-947B-4261-8C19-2F321CB500F5}"
EndProject
Project("{9A19103F-16F7-4668-BE54-9A1E7A4F7556}") = "Domain.Interfaces", "UserManager.Domain.Interfaces\Domain.Interfaces.csproj", "{A92FB429-C6AE-4D40-8367-24BB44DD20D1}"
EndProject
Project("{2150E333-8FDC-42A3-9474-1A3956D46DE8}") = "tests", "tests", "{582C428F-019A-4D89-98BC-CE1F289AFBD7}"
EndProject
Project("{2150E333-8FDC-42A3-9474-1A3956D46DE8}") = "UnitTests", "UnitTests", "{485AAB1D-2D2C-4B77-A28A-E183618A9227}"
EndProject
Project("{2150E333-8FDC-42A3-9474-1A3956D46DE8}") = "Interfaces", "Interfaces", "{6510AA4E-E146-43B3-A602-8090140DE1C8}"
EndProject
Project("{9A19103F-16F7-4668-BE54-9A1E7A4F7556}") = "UserManager.Application.API", "Application\UserManager.Application.API.csproj", "{54E2E6CD-7E91-4BD8-83FB-EFA6F3DBDC28}"
EndProject
Project("{9A19103F-16F7-4668-BE54-9A1E7A4F7556}") = "UserManager.Application.API.Tests", "Application.Tests\UserManager.Application.API.Tests.csproj", "{194A14D1-D1FD-4A81-80A3-1574D6659011}"
EndProject
Project("{E53339B2-1760-4266-BCC7-CA923CBCF16C}") = "docker-compose", "docker-compose.dcproj", "{DDD48137-8891-4AB5-91EF-9E43C259D184}"
EndProject
Project("{2150E333-8FDC-42A3-9474-1A3956D46DE8}") = "src", "src", "{472B72FF-B4E0-40C6-B010-CBD0FE76281A}"
EndProject
Project("{2150E333-8FDC-42A3-9474-1A3956D46DE8}") = "Utilities", "Utilities", "{7DFDE0D4-4171-4940-A7EB-916CBD53D0C5}"
EndProject
Project("{9A19103F-16F7-4668-BE54-9A1E7A4F7556}") = "Utilities.Middleware", "Middleware\Utilities.Middleware.csproj", "{AF3ED1E9-CFEC-45E9-9BAF-96C8464790A0}"
EndProject
Project("{9A19103F-16F7-4668-BE54-9A1E7A4F7556}") = "UserManager.Persistence", "UserManager.Persistence\UserManager.Persistence\UserManager.Persistence.csproj", "{9BCE882E-095A-42BC-806C-E0B1EE83E1E5}"
EndProject
Project("{9A19103F-16F7-4668-BE54-9A1E7A4F7556}") = "UserManager.Persistence.Client", "UserManager.Persistence\UserManager.Persistence.Client\UserManager.Persistence.Client.csproj", "{67C776E7-F693-4DC4-907F-7697CA9CDBCE}"
EndProject
Project("{9A19103F-16F7-4668-BE54-9A1E7A4F7556}") = "Domain.Common", "Domain.Common\Domain.Common.csproj", "{FC231D66-7629-471C-AB5B-6A9B691415B9}"
EndProject
Project("{FAE04EC0-301F-11D3-BF4B-00C04F79EFBC}") = "UserManager.Domain", "UserManager.Domain\UserManager.Domain.csproj", "{C618C7F7-0292-4C65-B860-4780551C7AB8}"
EndProject
Project("{FAE04EC0-301F-11D3-BF4B-00C04F79EFBC}") = "UserManager.Domain.Test", "UserManager.Domain.Test\UserManager.Domain.Test.csproj", "{115EF758-2CC6-4532-9BCA-46738E9239E5}"
EndProject
Global
	GlobalSection(SolutionConfigurationPlatforms) = preSolution
		Debug|Any CPU = Debug|Any CPU
		Release|Any CPU = Release|Any CPU
	EndGlobalSection
	GlobalSection(ProjectConfigurationPlatforms) = postSolution
		{4D7FD4FF-947B-4261-8C19-2F321CB500F5}.Debug|Any CPU.ActiveCfg = Debug|Any CPU
		{4D7FD4FF-947B-4261-8C19-2F321CB500F5}.Debug|Any CPU.Build.0 = Debug|Any CPU
		{4D7FD4FF-947B-4261-8C19-2F321CB500F5}.Release|Any CPU.ActiveCfg = Release|Any CPU
		{4D7FD4FF-947B-4261-8C19-2F321CB500F5}.Release|Any CPU.Build.0 = Release|Any CPU
		{A92FB429-C6AE-4D40-8367-24BB44DD20D1}.Debug|Any CPU.ActiveCfg = Debug|Any CPU
		{A92FB429-C6AE-4D40-8367-24BB44DD20D1}.Debug|Any CPU.Build.0 = Debug|Any CPU
		{A92FB429-C6AE-4D40-8367-24BB44DD20D1}.Release|Any CPU.ActiveCfg = Release|Any CPU
		{A92FB429-C6AE-4D40-8367-24BB44DD20D1}.Release|Any CPU.Build.0 = Release|Any CPU
		{54E2E6CD-7E91-4BD8-83FB-EFA6F3DBDC28}.Debug|Any CPU.ActiveCfg = Debug|Any CPU
		{54E2E6CD-7E91-4BD8-83FB-EFA6F3DBDC28}.Debug|Any CPU.Build.0 = Debug|Any CPU
		{54E2E6CD-7E91-4BD8-83FB-EFA6F3DBDC28}.Release|Any CPU.ActiveCfg = Release|Any CPU
		{54E2E6CD-7E91-4BD8-83FB-EFA6F3DBDC28}.Release|Any CPU.Build.0 = Release|Any CPU
		{194A14D1-D1FD-4A81-80A3-1574D6659011}.Debug|Any CPU.ActiveCfg = Debug|Any CPU
		{194A14D1-D1FD-4A81-80A3-1574D6659011}.Debug|Any CPU.Build.0 = Debug|Any CPU
		{194A14D1-D1FD-4A81-80A3-1574D6659011}.Release|Any CPU.ActiveCfg = Release|Any CPU
		{194A14D1-D1FD-4A81-80A3-1574D6659011}.Release|Any CPU.Build.0 = Release|Any CPU
		{DDD48137-8891-4AB5-91EF-9E43C259D184}.Debug|Any CPU.ActiveCfg = Debug|Any CPU
		{DDD48137-8891-4AB5-91EF-9E43C259D184}.Debug|Any CPU.Build.0 = Debug|Any CPU
		{DDD48137-8891-4AB5-91EF-9E43C259D184}.Release|Any CPU.ActiveCfg = Release|Any CPU
		{DDD48137-8891-4AB5-91EF-9E43C259D184}.Release|Any CPU.Build.0 = Release|Any CPU
		{AF3ED1E9-CFEC-45E9-9BAF-96C8464790A0}.Debug|Any CPU.ActiveCfg = Debug|Any CPU
		{AF3ED1E9-CFEC-45E9-9BAF-96C8464790A0}.Debug|Any CPU.Build.0 = Debug|Any CPU
		{AF3ED1E9-CFEC-45E9-9BAF-96C8464790A0}.Release|Any CPU.ActiveCfg = Release|Any CPU
		{AF3ED1E9-CFEC-45E9-9BAF-96C8464790A0}.Release|Any CPU.Build.0 = Release|Any CPU
		{9BCE882E-095A-42BC-806C-E0B1EE83E1E5}.Debug|Any CPU.ActiveCfg = Debug|Any CPU
		{9BCE882E-095A-42BC-806C-E0B1EE83E1E5}.Debug|Any CPU.Build.0 = Debug|Any CPU
		{9BCE882E-095A-42BC-806C-E0B1EE83E1E5}.Release|Any CPU.ActiveCfg = Release|Any CPU
		{9BCE882E-095A-42BC-806C-E0B1EE83E1E5}.Release|Any CPU.Build.0 = Release|Any CPU
		{67C776E7-F693-4DC4-907F-7697CA9CDBCE}.Debug|Any CPU.ActiveCfg = Debug|Any CPU
		{67C776E7-F693-4DC4-907F-7697CA9CDBCE}.Debug|Any CPU.Build.0 = Debug|Any CPU
		{67C776E7-F693-4DC4-907F-7697CA9CDBCE}.Release|Any CPU.ActiveCfg = Release|Any CPU
		{67C776E7-F693-4DC4-907F-7697CA9CDBCE}.Release|Any CPU.Build.0 = Release|Any CPU
		{FC231D66-7629-471C-AB5B-6A9B691415B9}.Debug|Any CPU.ActiveCfg = Debug|Any CPU
		{FC231D66-7629-471C-AB5B-6A9B691415B9}.Debug|Any CPU.Build.0 = Debug|Any CPU
		{FC231D66-7629-471C-AB5B-6A9B691415B9}.Release|Any CPU.ActiveCfg = Release|Any CPU
		{FC231D66-7629-471C-AB5B-6A9B691415B9}.Release|Any CPU.Build.0 = Release|Any CPU
		{C618C7F7-0292-4C65-B860-4780551C7AB8}.Debug|Any CPU.ActiveCfg = Debug|Any CPU
		{C618C7F7-0292-4C65-B860-4780551C7AB8}.Debug|Any CPU.Build.0 = Debug|Any CPU
		{C618C7F7-0292-4C65-B860-4780551C7AB8}.Release|Any CPU.ActiveCfg = Release|Any CPU
		{C618C7F7-0292-4C65-B860-4780551C7AB8}.Release|Any CPU.Build.0 = Release|Any CPU
		{115EF758-2CC6-4532-9BCA-46738E9239E5}.Debug|Any CPU.ActiveCfg = Debug|Any CPU
		{115EF758-2CC6-4532-9BCA-46738E9239E5}.Debug|Any CPU.Build.0 = Debug|Any CPU
		{115EF758-2CC6-4532-9BCA-46738E9239E5}.Release|Any CPU.ActiveCfg = Release|Any CPU
		{115EF758-2CC6-4532-9BCA-46738E9239E5}.Release|Any CPU.Build.0 = Release|Any CPU
	EndGlobalSection
	GlobalSection(SolutionProperties) = preSolution
		HideSolutionNode = FALSE
	EndGlobalSection
	GlobalSection(NestedProjects) = preSolution
		{4D7FD4FF-947B-4261-8C19-2F321CB500F5} = {472B72FF-B4E0-40C6-B010-CBD0FE76281A}
		{A92FB429-C6AE-4D40-8367-24BB44DD20D1} = {6510AA4E-E146-43B3-A602-8090140DE1C8}
		{485AAB1D-2D2C-4B77-A28A-E183618A9227} = {582C428F-019A-4D89-98BC-CE1F289AFBD7}
		{6510AA4E-E146-43B3-A602-8090140DE1C8} = {472B72FF-B4E0-40C6-B010-CBD0FE76281A}
		{54E2E6CD-7E91-4BD8-83FB-EFA6F3DBDC28} = {472B72FF-B4E0-40C6-B010-CBD0FE76281A}
		{194A14D1-D1FD-4A81-80A3-1574D6659011} = {485AAB1D-2D2C-4B77-A28A-E183618A9227}
		{7DFDE0D4-4171-4940-A7EB-916CBD53D0C5} = {472B72FF-B4E0-40C6-B010-CBD0FE76281A}
		{AF3ED1E9-CFEC-45E9-9BAF-96C8464790A0} = {7DFDE0D4-4171-4940-A7EB-916CBD53D0C5}
		{9BCE882E-095A-42BC-806C-E0B1EE83E1E5} = {472B72FF-B4E0-40C6-B010-CBD0FE76281A}
		{67C776E7-F693-4DC4-907F-7697CA9CDBCE} = {472B72FF-B4E0-40C6-B010-CBD0FE76281A}
		{FC231D66-7629-471C-AB5B-6A9B691415B9} = {472B72FF-B4E0-40C6-B010-CBD0FE76281A}
		{C618C7F7-0292-4C65-B860-4780551C7AB8} = {472B72FF-B4E0-40C6-B010-CBD0FE76281A}
		{115EF758-2CC6-4532-9BCA-46738E9239E5} = {485AAB1D-2D2C-4B77-A28A-E183618A9227}
	EndGlobalSection
	GlobalSection(ExtensibilityGlobals) = postSolution
		SolutionGuid = {2AC46DB4-7A56-4B60-B4C9-2D2F33731C3E}
	EndGlobalSection
EndGlobal
